Microsoft Visual Studio Solution File, Format Version 12.00
# Visual Studio 2012
Project("{8BC9CEB8-8B4A-11D0-8D11-00A0C91BC942}") = "TestGCSRTNetServer", "TestGCSRTNetServer.vcxproj", "{3A1A61F7-0967-4980-BCE9-05274596A154}"
	ProjectSection(ProjectDependencies) = postProject
		{C9FDD0A7-48DE-402A-AA9F-7E0BDBE54332} = {C9FDD0A7-48DE-402A-AA9F-7E0BDBE54332}
	EndProjectSection
EndProject
Project("{8BC9CEB8-8B4A-11D0-8D11-00A0C91BC942}") = "GCSRTNet", "..\..\..\sdk\GCSRTNet\GCSRTNet.vcxproj", "{C9FDD0A7-48DE-402A-AA9F-7E0BDBE54332}"
EndProject
Project("{8BC9CEB8-8B4A-11D0-8D11-00A0C91BC942}") = "GCHEncrypt", "..\..\..\sdk\GCHEncrypt\GCHEncrypt.vcxproj", "{C9A32473-7F9B-41BF-9730-4D3DD80759FC}"
EndProject
Project("{8BC9CEB8-8B4A-11D0-8D11-00A0C91BC942}") = "GCHLog", "..\..\..\sdk\GCHLog\GCHLog.vcxproj", "{1858940E-F578-445C-A741-AB4E4C22FA3A}"
EndProject
Project("{8BC9CEB8-8B4A-11D0-8D11-00A0C91BC942}") = "GCSetPack", "..\..\..\sdk\GCSetPack\GCSetPacket.vcxproj", "{66503E90-D117-42A5-9330-787E508A5921}"
EndProject
Global
	GlobalSection(SolutionConfigurationPlatforms) = preSolution
		Debug|Win32 = Debug|Win32
		Release|Win32 = Release|Win32
	EndGlobalSection
	GlobalSection(ProjectConfigurationPlatforms) = postSolution
		{3A1A61F7-0967-4980-BCE9-05274596A154}.Debug|Win32.ActiveCfg = Debug|Win32
		{3A1A61F7-0967-4980-BCE9-05274596A154}.Debug|Win32.Build.0 = Debug|Win32
		{3A1A61F7-0967-4980-BCE9-05274596A154}.Release|Win32.ActiveCfg = Release|Win32
		{3A1A61F7-0967-4980-BCE9-05274596A154}.Release|Win32.Build.0 = Release|Win32
		{C9FDD0A7-48DE-402A-AA9F-7E0BDBE54332}.Debug|Win32.ActiveCfg = Debug|Win32
		{C9FDD0A7-48DE-402A-AA9F-7E0BDBE54332}.Debug|Win32.Build.0 = Debug|Win32
		{C9FDD0A7-48DE-402A-AA9F-7E0BDBE54332}.Release|Win32.ActiveCfg = Release|Win32
		{C9FDD0A7-48DE-402A-AA9F-7E0BDBE54332}.Release|Win32.Build.0 = Release|Win32
		{C9A32473-7F9B-41BF-9730-4D3DD80759FC}.Debug|Win32.ActiveCfg = Debug|Win32
		{C9A32473-7F9B-41BF-9730-4D3DD80759FC}.Debug|Win32.Build.0 = Debug|Win32
		{C9A32473-7F9B-41BF-9730-4D3DD80759FC}.Release|Win32.ActiveCfg = Release|Win32
		{C9A32473-7F9B-41BF-9730-4D3DD80759FC}.Release|Win32.Build.0 = Release|Win32
		{1858940E-F578-445C-A741-AB4E4C22FA3A}.Debug|Win32.ActiveCfg = Debug|Win32
		{1858940E-F578-445C-A741-AB4E4C22FA3A}.Debug|Win32.Build.0 = Debug|Win32
		{1858940E-F578-445C-A741-AB4E4C22FA3A}.Release|Win32.ActiveCfg = Release|Win32
		{1858940E-F578-445C-A741-AB4E4C22FA3A}.Release|Win32.Build.0 = Release|Win32
		{66503E90-D117-42A5-9330-787E508A5921}.Debug|Win32.ActiveCfg = Debug|Win32
		{66503E90-D117-42A5-9330-787E508A5921}.Debug|Win32.Build.0 = Debug|Win32
		{66503E90-D117-42A5-9330-787E508A5921}.Release|Win32.ActiveCfg = Release|Win32
		{66503E90-D117-42A5-9330-787E508A5921}.Release|Win32.Build.0 = Release|Win32
	EndGlobalSection
	GlobalSection(SolutionProperties) = preSolution
		HideSolutionNode = FALSE
	EndGlobalSection
EndGlobal
