<?xml version="1.0" encoding="utf-8"?>
<Project ToolsVersion="4.0" xmlns="http://schemas.microsoft.com/developer/msbuild/2003">
  <ItemGroup>
    <Filter Include="源文件">
      <UniqueIdentifier>{4FC737F1-C7A5-4376-A066-2A32D752A2FF}</UniqueIdentifier>
      <Extensions>cpp;c;cxx;def;odl;idl;hpj;bat;asm;asmx</Extensions>
    </Filter>
    <Filter Include="头文件">
      <UniqueIdentifier>{93995380-89BD-4b04-88EB-625FBE52EBFB}</UniqueIdentifier>
      <Extensions>h;hpp;hxx;hm;inl;inc;xsd</Extensions>
    </Filter>
    <Filter Include="资源文件">
      <UniqueIdentifier>{67DA6AB6-F800-4c08-8B7A-83BB121AAD01}</UniqueIdentifier>
      <Extensions>rc;ico;cur;bmp;dlg;rc2;rct;bin;rgs;gif;jpg;jpeg;jpe;resx</Extensions>
    </Filter>
  </ItemGroup>
  <ItemGroup>
    <ClCompile Include="GCSIoCP.cpp">
      <Filter>源文件</Filter>
    </ClCompile>
    <ClCompile Include="GCSRTNet.cpp">
      <Filter>源文件</Filter>
    </ClCompile>
    <ClCompile Include="GCSSockMgr.cpp">
      <Filter>源文件</Filter>
    </ClCompile>
    <ClCompile Include="stdafx.cpp">
      <Filter>源文件</Filter>
    </ClCompile>
    <ClCompile Include="GCHNetFun.cpp">
      <Filter>源文件</Filter>
    </ClCompile>
    <ClCompile Include="GCSRouteInfo.cpp">
      <Filter>源文件</Filter>
    </ClCompile>
    <ClCompile Include="GC_CRC.cpp">
      <Filter>源文件</Filter>
    </ClCompile>
    <ClCompile Include="GCHDealPacket.cpp">
      <Filter>源文件</Filter>
    </ClCompile>
    <ClCompile Include="GCHDealQueMgr.cpp">
      <Filter>源文件</Filter>
    </ClCompile>
    <ClCompile Include="GCHNetEncrypt.cpp">
      <Filter>源文件</Filter>
    </ClCompile>
  </ItemGroup>
  <ItemGroup>
    <ClInclude Include="..\..\Common\Net\GCHDealPacket.h">
      <Filter>头文件</Filter>
    </ClInclude>
    <ClInclude Include="..\..\Common\Net\GCHDealQueMgr.h">
      <Filter>头文件</Filter>
    </ClInclude>
    <ClInclude Include="..\..\Common\Util\GCHELog.h">
      <Filter>头文件</Filter>
    </ClInclude>
    <ClInclude Include="..\..\Common\Net\GCHEncrypt.h">
      <Filter>头文件</Filter>
    </ClInclude>
    <ClInclude Include="..\..\Common\Net\GCHNetEncrypt.h">
      <Filter>头文件</Filter>
    </ClInclude>
    <ClInclude Include="..\..\Common\Net\GCHNetFun.h">
      <Filter>头文件</Filter>
    </ClInclude>
    <ClInclude Include="..\..\Common\Net\GCHNetUtil.h">
      <Filter>头文件</Filter>
    </ClInclude>
    <ClInclude Include="..\..\common\Net\GCHPacket.h">
      <Filter>头文件</Filter>
    </ClInclude>
    <ClInclude Include="..\..\Common\Util\GCHType.h">
      <Filter>头文件</Filter>
    </ClInclude>
    <ClInclude Include="GCSIoCP.h">
      <Filter>头文件</Filter>
    </ClInclude>
    <ClInclude Include="..\..\common\memory\GCSMemManager.h">
      <Filter>头文件</Filter>
    </ClInclude>
    <ClInclude Include="..\..\Common\Net\GCSRTNet.h">
      <Filter>头文件</Filter>
    </ClInclude>
    <ClInclude Include="GCSSockMgr.h">
      <Filter>头文件</Filter>
    </ClInclude>
    <ClInclude Include="..\..\common\memory\MemMgr.h">
      <Filter>头文件</Filter>
    </ClInclude>
    <ClInclude Include="resource.h">
      <Filter>头文件</Filter>
    </ClInclude>
    <ClInclude Include="stdafx.h">
      <Filter>头文件</Filter>
    </ClInclude>
    <ClInclude Include="..\..\common\util\GC_CRC.h">
      <Filter>头文件</Filter>
    </ClInclude>
  </ItemGroup>
  <ItemGroup>
    <ResourceCompile Include="GCSRTNet.rc">
      <Filter>资源文件</Filter>
    </ResourceCompile>
  </ItemGroup>
</Project>